
Microsoft Visual Studio Solution File, Format Version 12.00
# Visual Studio Version 17
VisualStudioVersion = 17.9.34607.119
MinimumVisualStudioVersion = 10.0.40219.1
Project("{FAE04EC0-301F-11D3-BF4B-00C04F79EFBC}") = "DXSA_PE_05", "DXSA_PE_05\DXSA_PE_05.csproj", "{BE145E8C-99A9-4528-82F5-D283982FE1E6}"
EndProject
Global
	GlobalSection(SolutionConfigurationPlatforms) = preSolution
		Debug|Any CPU = Debug|Any CPU
		Release|Any CPU = Release|Any CPU
	EndGlobalSection
	GlobalSection(ProjectConfigurationPlatforms) = postSolution
		{BE145E8C-99A9-4528-82F5-D283982FE1E6}.Debug|Any CPU.ActiveCfg = Debug|Any CPU
		{BE145E8C-99A9-4528-82F5-D283982FE1E6}.Debug|Any CPU.Build.0 = Debug|Any CPU
		{BE145E8C-99A9-4528-82F5-D283982FE1E6}.Release|Any CPU.ActiveCfg = Release|Any CPU
		{BE145E8C-99A9-4528-82F5-D283982FE1E6}.Release|Any CPU.Build.0 = Release|Any CPU
	EndGlobalSection
	GlobalSection(SolutionProperties) = preSolution
		HideSolutionNode = FALSE
	EndGlobalSection
	GlobalSection(ExtensibilityGlobals) = postSolution
		SolutionGuid = {D03CD517-CD0C-4927-B10C-9F395745A625}
	EndGlobalSection
EndGlobal
